{
  "originHash" : "6c3b1cf91a2bcc0bea8cffcebde60f94fe81d7df372edbe86673e97bc15eb4cb",
  "pins" : [
    {
      "identity" : "rovia-core",
      "kind" : "remoteSourceControl",
      "location" : "https://github.com/RoviaNetwork/rovia-core.git",
      "state" : {
        "revision" : "c4dd0a3a8c0ccfdcdcb65c1a70f6891921bcd9e2",
        "version" : "0.2.3"
      }
    }
  ],
  "version" : 3
}
